
Microsoft Visual Studio Solution File, Format Version 12.00
# Visual Studio 2012
Project("{FAE04EC0-301F-11D3-BF4B-00C04F79EFBC}") = "MovingAverageCalculator", "MovingAverageCalculator\MovingAverageCalculator.csproj", "{1E59A6A3-419D-40D3-9D49-E7A00F6AF027}"
EndProject
Project("{FAE04EC0-301F-11D3-BF4B-00C04F79EFBC}") = "MovingAverageCalculatorTest", "MovingAverageCalculatorTest\MovingAverageCalculatorTest.csproj", "{F6C4CE94-EA78-4E03-8052-B26CD683316C}"
EndProject
Global
	GlobalSection(SolutionConfigurationPlatforms) = preSolution
		Debug|Any CPU = Debug|Any CPU
		Release|Any CPU = Release|Any CPU
	EndGlobalSection
	GlobalSection(ProjectConfigurationPlatforms) = postSolution
		{1E59A6A3-419D-40D3-9D49-E7A00F6AF027}.Debug|Any CPU.ActiveCfg = Debug|Any CPU
		{1E59A6A3-419D-40D3-9D49-E7A00F6AF027}.Debug|Any CPU.Build.0 = Debug|Any CPU
		{1E59A6A3-419D-40D3-9D49-E7A00F6AF027}.Release|Any CPU.ActiveCfg = Release|Any CPU
		{1E59A6A3-419D-40D3-9D49-E7A00F6AF027}.Release|Any CPU.Build.0 = Release|Any CPU
		{F6C4CE94-EA78-4E03-8052-B26CD683316C}.Debug|Any CPU.ActiveCfg = Debug|Any CPU
		{F6C4CE94-EA78-4E03-8052-B26CD683316C}.Debug|Any CPU.Build.0 = Debug|Any CPU
		{F6C4CE94-EA78-4E03-8052-B26CD683316C}.Release|Any CPU.ActiveCfg = Release|Any CPU
		{F6C4CE94-EA78-4E03-8052-B26CD683316C}.Release|Any CPU.Build.0 = Release|Any CPU
	EndGlobalSection
	GlobalSection(SolutionProperties) = preSolution
		HideSolutionNode = FALSE
	EndGlobalSection
EndGlobal
